
Microsoft Visual Studio Solution File, Format Version 12.00
# Visual Studio Version 17
VisualStudioVersion = 17.9.34701.34
MinimumVisualStudioVersion = 10.0.40219.1
Project("{FAE04EC0-301F-11D3-BF4B-00C04F79EFBC}") = "Library", "Library\Library.csproj", "{A35B68FD-DBE0-42D4-B915-4B7D3727F2C5}"
EndProject
Project("{FAE04EC0-301F-11D3-BF4B-00C04F79EFBC}") = "WebApplication", "WebApplication\WebApplication.csproj", "{BEEDC4BA-0583-49B0-B9FF-A1FF16FDE6F2}"
EndProject
Global
	GlobalSection(SolutionConfigurationPlatforms) = preSolution
		Debug|Any CPU = Debug|Any CPU
		Release|Any CPU = Release|Any CPU
	EndGlobalSection
	GlobalSection(ProjectConfigurationPlatforms) = postSolution
		{A35B68FD-DBE0-42D4-B915-4B7D3727F2C5}.Debug|Any CPU.ActiveCfg = Debug|Any CPU
		{A35B68FD-DBE0-42D4-B915-4B7D3727F2C5}.Debug|Any CPU.Build.0 = Debug|Any CPU
		{A35B68FD-DBE0-42D4-B915-4B7D3727F2C5}.Release|Any CPU.ActiveCfg = Release|Any CPU
		{A35B68FD-DBE0-42D4-B915-4B7D3727F2C5}.Release|Any CPU.Build.0 = Release|Any CPU
		{BEEDC4BA-0583-49B0-B9FF-A1FF16FDE6F2}.Debug|Any CPU.ActiveCfg = Debug|Any CPU
		{BEEDC4BA-0583-49B0-B9FF-A1FF16FDE6F2}.Debug|Any CPU.Build.0 = Debug|Any CPU
		{BEEDC4BA-0583-49B0-B9FF-A1FF16FDE6F2}.Release|Any CPU.ActiveCfg = Release|Any CPU
		{BEEDC4BA-0583-49B0-B9FF-A1FF16FDE6F2}.Release|Any CPU.Build.0 = Release|Any CPU
	EndGlobalSection
	GlobalSection(SolutionProperties) = preSolution
		HideSolutionNode = FALSE
	EndGlobalSection
	GlobalSection(ExtensibilityGlobals) = postSolution
		SolutionGuid = {26EA1BCE-789B-44A1-ACD0-99376948A315}
	EndGlobalSection
EndGlobal
